version = 1
requires-python = ">=3.12"
resolution-markers = [
    "python_full_version < '3.13'",
    "python_full_version >= '3.13'",
]

[[package]]
name = "annotated-types"
version = "0.7.0"
source = { registry = "https://pypi.org/simple" }
sdist = { url = "https://files.pythonhosted.org/packages/ee/67/531ea369ba64dcff5ec9c3402f9f51bf748cec26dde048a2f973a4eea7f5/annotated_types-0.7.0.tar.gz", hash = "sha256:aff07c09a53a08bc8cfccb9c85b05f1aa9a2a6f23728d790723543408344ce89", size = 16081 }
wheels = [
    { url = "https://files.pythonhosted.org/packages/78/b6/6307fbef88d9b5ee7421e68d78a9f162e0da4900bc5f5793f6d3d0e34fb8/annotated_types-0.7.0-py3-none-any.whl", hash = "sha256:1f02e8b43a8fbbc3f3e0d4f0f4bfc8131bcb4eebe8849b8e5c773f3a1c582a53", size = 13643 },
]

[[package]]
name = "cfgv"
version = "3.4.0"
source = { registry = "https://pypi.org/simple" }
sdist = { url = "https://files.pythonhosted.org/packages/11/74/539e56497d9bd1d484fd863dd69cbbfa653cd2aa27abfe35653494d85e94/cfgv-3.4.0.tar.gz", hash = "sha256:e52591d4c5f5dead8e0f673fb16db7949d2cfb3f7da4582893288f0ded8fe560", size = 7114 }
wheels = [
    { url = "https://files.pythonhosted.org/packages/c5/55/51844dd50c4fc7a33b653bfaba4c2456f06955289ca770a5dbd5fd267374/cfgv-3.4.0-py2.py3-none-any.whl", hash = "sha256:b7265b1f29fd3316bfcd2b330d63d024f2bfd8bcb8b0272f8e19a504856c48f9", size = 7249 },
]

[[package]]
name = "colorama"
version = "0.4.6"
source = { registry = "https://pypi.org/simple" }
sdist = { url = "https://files.pythonhosted.org/packages/d8/53/6f443c9a4a8358a93a6792e2acffb9d9d5cb0a5cfd8802644b7b1c9a02e4/colorama-0.4.6.tar.gz", hash = "sha256:08695f5cb7ed6e0531a20572697297273c47b8cae5a63ffc6d6ed5c201be6e44", size = 27697 }
wheels = [
    { url = "https://files.pythonhosted.org/packages/d1/d6/3965ed04c63042e047cb6a3e6ed1a63a35087b6a609aa3a15ed8ac56c221/colorama-0.4.6-py2.py3-none-any.whl", hash = "sha256:4f1d9991f5acc0ca119f9d443620b77f9d6b33703e51011c16baf57afb285fc6", size = 25335 },
]

[[package]]
name = "copier"
version = "9.3.1"
source = { registry = "https://pypi.org/simple" }
dependencies = [
    { name = "colorama" },
    { name = "dunamai" },
    { name = "funcy" },
    { name = "jinja2" },
    { name = "jinja2-ansible-filters" },
    { name = "packaging" },
    { name = "pathspec" },
    { name = "plumbum" },
    { name = "pydantic" },
    { name = "pygments" },
    { name = "pyyaml" },
    { name = "questionary" },
]
sdist = { url = "https://files.pythonhosted.org/packages/0f/32/56044ea18ea1c6dc9a00714cbaf7c0ff7e5f486adbfefc28f5ca72a14064/copier-9.3.1.tar.gz", hash = "sha256:e8515c082149f771268e8bc7fe400891d96e765797f5dac9fbae191f6427a24c", size = 40601 }
wheels = [
    { url = "https://files.pythonhosted.org/packages/43/06/b3174cd0a294b7bd43c4a81a88f6a0f04df7355efc1f5f53f3a7a02e9179/copier-9.3.1-py3-none-any.whl", hash = "sha256:20d60383a3fb99054ea4d24a8f71c6f9219b40ac50db1d97d412583d739bce99", size = 42240 },
]

[[package]]
name = "distlib"
version = "0.3.8"
source = { registry = "https://pypi.org/simple" }
sdist = { url = "https://files.pythonhosted.org/packages/c4/91/e2df406fb4efacdf46871c25cde65d3c6ee5e173b7e5a4547a47bae91920/distlib-0.3.8.tar.gz", hash = "sha256:1530ea13e350031b6312d8580ddb6b27a104275a31106523b8f123787f494f64", size = 609931 }
wheels = [
    { url = "https://files.pythonhosted.org/packages/8e/41/9307e4f5f9976bc8b7fea0b66367734e8faf3ec84bc0d412d8cfabbb66cd/distlib-0.3.8-py2.py3-none-any.whl", hash = "sha256:034db59a0b96f8ca18035f36290806a9a6e6bd9d1ff91e45a7f172eb17e51784", size = 468850 },
]

[[package]]
name = "dunamai"
version = "1.22.0"
source = { registry = "https://pypi.org/simple" }
dependencies = [
    { name = "packaging" },
]
sdist = { url = "https://files.pythonhosted.org/packages/a0/fe/aee602f08765de4dd753d2e5d6cbd480857182e345f161f7a19ad1979e4d/dunamai-1.22.0.tar.gz", hash = "sha256:375a0b21309336f0d8b6bbaea3e038c36f462318c68795166e31f9873fdad676", size = 44453 }
wheels = [
    { url = "https://files.pythonhosted.org/packages/b8/01/0c3ba3dcf946e884ad8a153f6ac277e38cc8e87038059dbb751f89b9e258/dunamai-1.22.0-py3-none-any.whl", hash = "sha256:eab3894b31e145bd028a74b13491c57db01986a7510482c9b5fff3b4e53d77b7", size = 26187 },
]

[[package]]
name = "filelock"
version = "3.15.4"
source = { registry = "https://pypi.org/simple" }
sdist = { url = "https://files.pythonhosted.org/packages/08/dd/49e06f09b6645156550fb9aee9cc1e59aba7efbc972d665a1bd6ae0435d4/filelock-3.15.4.tar.gz", hash = "sha256:2207938cbc1844345cb01a5a95524dae30f0ce089eba5b00378295a17e3e90cb", size = 18007 }
wheels = [
    { url = "https://files.pythonhosted.org/packages/ae/f0/48285f0262fe47103a4a45972ed2f9b93e4c80b8fd609fa98da78b2a5706/filelock-3.15.4-py3-none-any.whl", hash = "sha256:6ca1fffae96225dab4c6eaf1c4f4f28cd2568d3ec2a44e15a08520504de468e7", size = 16159 },
]

[[package]]
name = "funcy"
version = "2.0"
source = { registry = "https://pypi.org/simple" }
sdist = { url = "https://files.pythonhosted.org/packages/70/b8/c6081521ff70afdff55cd9512b2220bbf4fa88804dae51d1b57b4b58ef32/funcy-2.0.tar.gz", hash = "sha256:3963315d59d41c6f30c04bc910e10ab50a3ac4a225868bfa96feed133df075cb", size = 537931 }
wheels = [
    { url = "https://files.pythonhosted.org/packages/d5/08/c2409cb01d5368dcfedcbaffa7d044cc8957d57a9d0855244a5eb4709d30/funcy-2.0-py2.py3-none-any.whl", hash = "sha256:53df23c8bb1651b12f095df764bfb057935d49537a56de211b098f4c79614bb0", size = 30891 },
]

[[package]]
name = "icdiff"
version = "2.0.7"
source = { registry = "https://pypi.org/simple" }
sdist = { url = "https://files.pythonhosted.org/packages/fa/e4/43341832be5f2bcae71eb3ef08a07aaef9b74f74fe0b3675f62bd12057fe/icdiff-2.0.7.tar.gz", hash = "sha256:f79a318891adbf59a45e3a7694f5e1f18c5407065264637072ac8363b759866f", size = 16394 }
wheels = [
    { url = "https://files.pythonhosted.org/packages/7c/2a/b3178baa75a3ec75a33588252296c82a1332d2b83cd01061539b74bde9dd/icdiff-2.0.7-py3-none-any.whl", hash = "sha256:f05d1b3623223dd1c70f7848da7d699de3d9a2550b902a8234d9026292fb5762", size = 17018 },
]

[[package]]
name = "identify"
version = "2.6.0"
source = { registry = "https://pypi.org/simple" }
sdist = { url = "https://files.pythonhosted.org/packages/32/f4/8e8f7db397a7ce20fbdeac5f25adaf567fc362472432938d25556008e03a/identify-2.6.0.tar.gz", hash = "sha256:cb171c685bdc31bcc4c1734698736a7d5b6c8bf2e0c15117f4d469c8640ae5cf", size = 99116 }
wheels = [
    { url = "https://files.pythonhosted.org/packages/24/6c/a4f39abe7f19600b74528d0c717b52fff0b300bb0161081510d39c53cb00/identify-2.6.0-py2.py3-none-any.whl", hash = "sha256:e79ae4406387a9d300332b5fd366d8994f1525e8414984e1a59e058b2eda2dd0", size = 98962 },
]

[[package]]
name = "iniconfig"
version = "2.0.0"
source = { registry = "https://pypi.org/simple" }
sdist = { url = "https://files.pythonhosted.org/packages/d7/4b/cbd8e699e64a6f16ca3a8220661b5f83792b3017d0f79807cb8708d33913/iniconfig-2.0.0.tar.gz", hash = "sha256:2d91e135bf72d31a410b17c16da610a82cb55f6b0477d1a902134b24a455b8b3", size = 4646 }
wheels = [
    { url = "https://files.pythonhosted.org/packages/ef/a6/62565a6e1cf69e10f5727360368e451d4b7f58beeac6173dc9db836a5b46/iniconfig-2.0.0-py3-none-any.whl", hash = "sha256:b6a85871a79d2e3b22d2d1b94ac2824226a63c6b741c88f7ae975f18b6778374", size = 5892 },
]

[[package]]
name = "jinja2"
version = "3.1.4"
source = { registry = "https://pypi.org/simple" }
dependencies = [
    { name = "markupsafe" },
]
sdist = { url = "https://files.pythonhosted.org/packages/ed/55/39036716d19cab0747a5020fc7e907f362fbf48c984b14e62127f7e68e5d/jinja2-3.1.4.tar.gz", hash = "sha256:4a3aee7acbbe7303aede8e9648d13b8bf88a429282aa6122a993f0ac800cb369", size = 240245 }
wheels = [
    { url = "https://files.pythonhosted.org/packages/31/80/3a54838c3fb461f6fec263ebf3a3a41771bd05190238de3486aae8540c36/jinja2-3.1.4-py3-none-any.whl", hash = "sha256:bc5dd2abb727a5319567b7a813e6a2e7318c39f4f487cfe6c89c6f9c7d25197d", size = 133271 },
]

[[package]]
name = "jinja2-ansible-filters"
version = "1.3.2"
source = { registry = "https://pypi.org/simple" }
dependencies = [
    { name = "jinja2" },
    { name = "pyyaml" },
]
sdist = { url = "https://files.pythonhosted.org/packages/1a/27/fa186af4b246eb869ffca8ffa42d92b05abaec08c99329e74d88b2c46ec7/jinja2-ansible-filters-1.3.2.tar.gz", hash = "sha256:07c10cf44d7073f4f01102ca12d9a2dc31b41d47e4c61ed92ef6a6d2669b356b", size = 16945 }
wheels = [
    { url = "https://files.pythonhosted.org/packages/72/b9/313e8f2f2e9517ae050a692ae7b3e4b3f17cc5e6dfea0db51fe14e586580/jinja2_ansible_filters-1.3.2-py3-none-any.whl", hash = "sha256:e1082f5564917649c76fed239117820610516ec10f87735d0338688800a55b34", size = 18975 },
]

[[package]]
name = "markupsafe"
version = "2.1.5"
source = { registry = "https://pypi.org/simple" }
sdist = { url = "https://files.pythonhosted.org/packages/87/5b/aae44c6655f3801e81aa3eef09dbbf012431987ba564d7231722f68df02d/MarkupSafe-2.1.5.tar.gz", hash = "sha256:d283d37a890ba4c1ae73ffadf8046435c76e7bc2247bbb63c00bd1a709c6544b", size = 19384 }
wheels = [
    { url = "https://files.pythonhosted.org/packages/53/bd/583bf3e4c8d6a321938c13f49d44024dbe5ed63e0a7ba127e454a66da974/MarkupSafe-2.1.5-cp312-cp312-macosx_10_9_universal2.whl", hash = "sha256:8dec4936e9c3100156f8a2dc89c4b88d5c435175ff03413b443469c7c8c5f4d1", size = 18215 },
    { url = "https://files.pythonhosted.org/packages/48/d6/e7cd795fc710292c3af3a06d80868ce4b02bfbbf370b7cee11d282815a2a/MarkupSafe-2.1.5-cp312-cp312-macosx_10_9_x86_64.whl", hash = "sha256:3c6b973f22eb18a789b1460b4b91bf04ae3f0c4234a0a6aa6b0a92f6f7b951d4", size = 14069 },
    { url = "https://files.pythonhosted.org/packages/51/b5/5d8ec796e2a08fc814a2c7d2584b55f889a55cf17dd1a90f2beb70744e5c/MarkupSafe-2.1.5-cp312-cp312-manylinux_2_17_aarch64.manylinux2014_aarch64.whl", hash = "sha256:ac07bad82163452a6884fe8fa0963fb98c2346ba78d779ec06bd7a6262132aee", size = 29452 },
    { url = "https://files.pythonhosted.org/packages/0a/0d/2454f072fae3b5a137c119abf15465d1771319dfe9e4acbb31722a0fff91/MarkupSafe-2.1.5-cp312-cp312-manylinux_2_17_x86_64.manylinux2014_x86_64.whl", hash = "sha256:f5dfb42c4604dddc8e4305050aa6deb084540643ed5804d7455b5df8fe16f5e5", size = 28462 },
    { url = "https://files.pythonhosted.org/packages/2d/75/fd6cb2e68780f72d47e6671840ca517bda5ef663d30ada7616b0462ad1e3/MarkupSafe-2.1.5-cp312-cp312-manylinux_2_5_i686.manylinux1_i686.manylinux_2_17_i686.manylinux2014_i686.whl", hash = "sha256:ea3d8a3d18833cf4304cd2fc9cbb1efe188ca9b5efef2bdac7adc20594a0e46b", size = 27869 },
    { url = "https://files.pythonhosted.org/packages/b0/81/147c477391c2750e8fc7705829f7351cf1cd3be64406edcf900dc633feb2/MarkupSafe-2.1.5-cp312-cp312-musllinux_1_1_aarch64.whl", hash = "sha256:d050b3361367a06d752db6ead6e7edeb0009be66bc3bae0ee9d97fb326badc2a", size = 33906 },
    { url = "https://files.pythonhosted.org/packages/8b/ff/9a52b71839d7a256b563e85d11050e307121000dcebc97df120176b3ad93/MarkupSafe-2.1.5-cp312-cp312-musllinux_1_1_i686.whl", hash = "sha256:bec0a414d016ac1a18862a519e54b2fd0fc8bbfd6890376898a6c0891dd82e9f", size = 32296 },
    { url = "https://files.pythonhosted.org/packages/88/07/2dc76aa51b481eb96a4c3198894f38b480490e834479611a4053fbf08623/MarkupSafe-2.1.5-cp312-cp312-musllinux_1_1_x86_64.whl", hash = "sha256:58c98fee265677f63a4385256a6d7683ab1832f3ddd1e66fe948d5880c21a169", size = 33038 },
    { url = "https://files.pythonhosted.org/packages/96/0c/620c1fb3661858c0e37eb3cbffd8c6f732a67cd97296f725789679801b31/MarkupSafe-2.1.5-cp312-cp312-win32.whl", hash = "sha256:8590b4ae07a35970728874632fed7bd57b26b0102df2d2b233b6d9d82f6c62ad", size = 16572 },
    { url = "https://files.pythonhosted.org/packages/3f/14/c3554d512d5f9100a95e737502f4a2323a1959f6d0d01e0d0997b35f7b10/MarkupSafe-2.1.5-cp312-cp312-win_amd64.whl", hash = "sha256:823b65d8706e32ad2df51ed89496147a42a2a6e01c13cfb6ffb8b1e92bc910bb", size = 17127 },
]

[[package]]
name = "nodeenv"
version = "1.9.1"
source = { registry = "https://pypi.org/simple" }
sdist = { url = "https://files.pythonhosted.org/packages/43/16/fc88b08840de0e0a72a2f9d8c6bae36be573e475a6326ae854bcc549fc45/nodeenv-1.9.1.tar.gz", hash = "sha256:6ec12890a2dab7946721edbfbcd91f3319c6ccc9aec47be7c7e6b7011ee6645f", size = 47437 }
wheels = [
    { url = "https://files.pythonhosted.org/packages/d2/1d/1b658dbd2b9fa9c4c9f32accbfc0205d532c8c6194dc0f2a4c0428e7128a/nodeenv-1.9.1-py2.py3-none-any.whl", hash = "sha256:ba11c9782d29c27c70ffbdda2d7415098754709be8a7056d79a737cd901155c9", size = 22314 },
]

[[package]]
name = "packaging"
version = "24.1"
source = { registry = "https://pypi.org/simple" }
sdist = { url = "https://files.pythonhosted.org/packages/51/65/50db4dda066951078f0a96cf12f4b9ada6e4b811516bf0262c0f4f7064d4/packaging-24.1.tar.gz", hash = "sha256:026ed72c8ed3fcce5bf8950572258698927fd1dbda10a5e981cdf0ac37f4f002", size = 148788 }
wheels = [
    { url = "https://files.pythonhosted.org/packages/08/aa/cc0199a5f0ad350994d660967a8efb233fe0416e4639146c089643407ce6/packaging-24.1-py3-none-any.whl", hash = "sha256:5b8f2217dbdbd2f7f384c41c628544e6d52f2d0f53c6d0c3ea61aa5d1d7ff124", size = 53985 },
]

[[package]]
name = "pathspec"
version = "0.12.1"
source = { registry = "https://pypi.org/simple" }
sdist = { url = "https://files.pythonhosted.org/packages/ca/bc/f35b8446f4531a7cb215605d100cd88b7ac6f44ab3fc94870c120ab3adbf/pathspec-0.12.1.tar.gz", hash = "sha256:a482d51503a1ab33b1c67a6c3813a26953dbdc71c31dacaef9a838c4e29f5712", size = 51043 }
wheels = [
    { url = "https://files.pythonhosted.org/packages/cc/20/ff623b09d963f88bfde16306a54e12ee5ea43e9b597108672ff3a408aad6/pathspec-0.12.1-py3-none-any.whl", hash = "sha256:a0d503e138a4c123b27490a4f7beda6a01c6f288df0e4a8b79c7eb0dc7b4cc08", size = 31191 },
]

[[package]]
name = "platformdirs"
version = "4.2.2"
source = { registry = "https://pypi.org/simple" }
sdist = { url = "https://files.pythonhosted.org/packages/f5/52/0763d1d976d5c262df53ddda8d8d4719eedf9594d046f117c25a27261a19/platformdirs-4.2.2.tar.gz", hash = "sha256:38b7b51f512eed9e84a22788b4bce1de17c0adb134d6becb09836e37d8654cd3", size = 20916 }
wheels = [
    { url = "https://files.pythonhosted.org/packages/68/13/2aa1f0e1364feb2c9ef45302f387ac0bd81484e9c9a4c5688a322fbdfd08/platformdirs-4.2.2-py3-none-any.whl", hash = "sha256:2d7a1657e36a80ea911db832a8a6ece5ee53d8de21edd5cc5879af6530b1bfee", size = 18146 },
]

[[package]]
name = "pluggy"
version = "1.5.0"
source = { registry = "https://pypi.org/simple" }
sdist = { url = "https://files.pythonhosted.org/packages/96/2d/02d4312c973c6050a18b314a5ad0b3210edb65a906f868e31c111dede4a6/pluggy-1.5.0.tar.gz", hash = "sha256:2cffa88e94fdc978c4c574f15f9e59b7f4201d439195c3715ca9e2486f1d0cf1", size = 67955 }
wheels = [
    { url = "https://files.pythonhosted.org/packages/88/5f/e351af9a41f866ac3f1fac4ca0613908d9a41741cfcf2228f4ad853b697d/pluggy-1.5.0-py3-none-any.whl", hash = "sha256:44e1ad92c8ca002de6377e165f3e0f1be63266ab4d554740532335b9d75ea669", size = 20556 },
]

[[package]]
name = "plumbum"
version = "1.8.3"
source = { registry = "https://pypi.org/simple" }
dependencies = [
    { name = "pywin32", marker = "platform_python_implementation != 'PyPy' and platform_system == 'Windows'" },
]
sdist = { url = "https://files.pythonhosted.org/packages/23/62/06260ec9f1f5a8c04418f8c8c7c2877c80cac4ead97224fc14d92f0db6b4/plumbum-1.8.3.tar.gz", hash = "sha256:6092c85ab970b7a7a9d5d85c75200bc93be82b33c9bdf640ffa87d2d7c8709f0", size = 318895 }
wheels = [
    { url = "https://files.pythonhosted.org/packages/fa/08/53cf4fb6bebdfd2598e9d620a587229c3bfcc8df1a202289da07e5b282cd/plumbum-1.8.3-py3-none-any.whl", hash = "sha256:8595d36dae2472587d6f59789c8d7b26250f45f6f6ed75ccb378de59ee7b9cf9", size = 127601 },
]

[[package]]
name = "pre-commit"
version = "3.8.0"
source = { registry = "https://pypi.org/simple" }
dependencies = [
    { name = "cfgv" },
    { name = "identify" },
    { name = "nodeenv" },
    { name = "pyyaml" },
    { name = "virtualenv" },
]
sdist = { url = "https://files.pythonhosted.org/packages/64/10/97ee2fa54dff1e9da9badbc5e35d0bbaef0776271ea5907eccf64140f72f/pre_commit-3.8.0.tar.gz", hash = "sha256:8bb6494d4a20423842e198980c9ecf9f96607a07ea29549e180eef9ae80fe7af", size = 177815 }
wheels = [
    { url = "https://files.pythonhosted.org/packages/07/92/caae8c86e94681b42c246f0bca35c059a2f0529e5b92619f6aba4cf7e7b6/pre_commit-3.8.0-py2.py3-none-any.whl", hash = "sha256:9a90a53bf82fdd8778d58085faf8d83df56e40dfe18f45b19446e26bf1b3a63f", size = 204643 },
]

[[package]]
name = "prompt-toolkit"
version = "3.0.36"
source = { registry = "https://pypi.org/simple" }
dependencies = [
    { name = "wcwidth" },
]
sdist = { url = "https://files.pythonhosted.org/packages/fb/93/180be2342f89f16543ec4eb3f25083b5b84eba5378f68efff05409fb39a9/prompt_toolkit-3.0.36.tar.gz", hash = "sha256:3e163f254bef5a03b146397d7c1963bd3e2812f0964bb9a24e6ec761fd28db63", size = 423863 }
wheels = [
    { url = "https://files.pythonhosted.org/packages/eb/37/791f1a6edd13c61cac85282368aa68cb0f3f164440fdf60032f2cc6ca34e/prompt_toolkit-3.0.36-py3-none-any.whl", hash = "sha256:aa64ad242a462c5ff0363a7b9cfe696c20d55d9fc60c11fd8e632d064804d305", size = 386414 },
]

[[package]]
name = "pydantic"
version = "2.8.2"
source = { registry = "https://pypi.org/simple" }
dependencies = [
    { name = "annotated-types" },
    { name = "pydantic-core" },
    { name = "typing-extensions" },
]
sdist = { url = "https://files.pythonhosted.org/packages/8c/99/d0a5dca411e0a017762258013ba9905cd6e7baa9a3fd1fe8b6529472902e/pydantic-2.8.2.tar.gz", hash = "sha256:6f62c13d067b0755ad1c21a34bdd06c0c12625a22b0fc09c6b149816604f7c2a", size = 739834 }
wheels = [
    { url = "https://files.pythonhosted.org/packages/1f/fa/b7f815b8c9ad021c07f88875b601222ef5e70619391ade4a49234d12d278/pydantic-2.8.2-py3-none-any.whl", hash = "sha256:73ee9fddd406dc318b885c7a2eab8a6472b68b8fb5ba8150949fc3db939f23c8", size = 423875 },
]

[[package]]
name = "pydantic-core"
version = "2.20.1"
source = { registry = "https://pypi.org/simple" }
dependencies = [
    { name = "typing-extensions" },
]
sdist = { url = "https://files.pythonhosted.org/packages/12/e3/0d5ad91211dba310f7ded335f4dad871172b9cc9ce204f5a56d76ccd6247/pydantic_core-2.20.1.tar.gz", hash = "sha256:26ca695eeee5f9f1aeeb211ffc12f10bcb6f71e2989988fda61dabd65db878d4", size = 388371 }
wheels = [
    { url = "https://files.pythonhosted.org/packages/6f/47/ef0d60ae23c41aced42921728650460dc831a0adf604bfa66b76028cb4d0/pydantic_core-2.20.1-cp312-cp312-macosx_10_12_x86_64.whl", hash = "sha256:595ba5be69b35777474fa07f80fc260ea71255656191adb22a8c53aba4479231", size = 1839225 },
    { url = "https://files.pythonhosted.org/packages/6a/23/430f2878c9cd977a61bb39f71751d9310ec55cee36b3d5bf1752c6341fd0/pydantic_core-2.20.1-cp312-cp312-macosx_11_0_arm64.whl", hash = "sha256:a4f55095ad087474999ee28d3398bae183a66be4823f753cd7d67dd0153427c9", size = 1768604 },
    { url = "https://files.pythonhosted.org/packages/9e/2b/ec4e7225dee79e0dc80ccc3c35ab33cc2c4bbb8a1a7ecf060e5e453651ec/pydantic_core-2.20.1-cp312-cp312-manylinux_2_17_aarch64.manylinux2014_aarch64.whl", hash = "sha256:f9aa05d09ecf4c75157197f27cdc9cfaeb7c5f15021c6373932bf3e124af029f", size = 1789767 },
    { url = "https://files.pythonhosted.org/packages/64/b0/38b24a1fa6d2f96af3148362e10737ec073768cd44d3ec21dca3be40a519/pydantic_core-2.20.1-cp312-cp312-manylinux_2_17_armv7l.manylinux2014_armv7l.whl", hash = "sha256:e97fdf088d4b31ff4ba35db26d9cc472ac7ef4a2ff2badeabf8d727b3377fc52", size = 1772061 },
    { url = "https://files.pythonhosted.org/packages/5e/da/bb73274c42cb60decfa61e9eb0c9029da78b3b9af0a9de0309dbc8ff87b6/pydantic_core-2.20.1-cp312-cp312-manylinux_2_17_ppc64le.manylinux2014_ppc64le.whl", hash = "sha256:bc633a9fe1eb87e250b5c57d389cf28998e4292336926b0b6cdaee353f89a237", size = 1974573 },
    { url = "https://files.pythonhosted.org/packages/c8/65/41693110fb3552556180460daffdb8bbeefb87fc026fd9aa4b849374015c/pydantic_core-2.20.1-cp312-cp312-manylinux_2_17_s390x.manylinux2014_s390x.whl", hash = "sha256:d573faf8eb7e6b1cbbcb4f5b247c60ca8be39fe2c674495df0eb4318303137fe", size = 2625596 },
    { url = "https://files.pythonhosted.org/packages/09/b3/a5a54b47cccd1ab661ed5775235c5e06924753c2d4817737c5667bfa19a8/pydantic_core-2.20.1-cp312-cp312-manylinux_2_17_x86_64.manylinux2014_x86_64.whl", hash = "sha256:26dc97754b57d2fd00ac2b24dfa341abffc380b823211994c4efac7f13b9e90e", size = 2099064 },
    { url = "https://files.pythonhosted.org/packages/52/fa/443a7a6ea54beaba45ff3a59f3d3e6e3004b7460bcfb0be77bcf98719d3b/pydantic_core-2.20.1-cp312-cp312-manylinux_2_5_i686.manylinux1_i686.whl", hash = "sha256:33499e85e739a4b60c9dac710c20a08dc73cb3240c9a0e22325e671b27b70d24", size = 1900345 },
    { url = "https://files.pythonhosted.org/packages/8e/e6/9aca9ffae60f9cdf0183069de3e271889b628d0fb175913fcb3db5618fb1/pydantic_core-2.20.1-cp312-cp312-musllinux_1_1_aarch64.whl", hash = "sha256:bebb4d6715c814597f85297c332297c6ce81e29436125ca59d1159b07f423eb1", size = 1968252 },
    { url = "https://files.pythonhosted.org/packages/46/5e/6c716810ea20a6419188992973a73c2fb4eb99cd382368d0637ddb6d3c99/pydantic_core-2.20.1-cp312-cp312-musllinux_1_1_x86_64.whl", hash = "sha256:516d9227919612425c8ef1c9b869bbbee249bc91912c8aaffb66116c0b447ebd", size = 2119191 },
    { url = "https://files.pythonhosted.org/packages/06/fc/6123b00a9240fbb9ae0babad7a005d51103d9a5d39c957a986f5cdd0c271/pydantic_core-2.20.1-cp312-none-win32.whl", hash = "sha256:469f29f9093c9d834432034d33f5fe45699e664f12a13bf38c04967ce233d688", size = 1717788 },
    { url = "https://files.pythonhosted.org/packages/d5/36/e61ad5a46607a469e2786f398cd671ebafcd9fb17f09a2359985c7228df5/pydantic_core-2.20.1-cp312-none-win_amd64.whl", hash = "sha256:035ede2e16da7281041f0e626459bcae33ed998cca6a0a007a5ebb73414ac72d", size = 1898188 },
    { url = "https://files.pythonhosted.org/packages/49/75/40b0e98b658fdba02a693b3bacb4c875a28bba87796c7b13975976597d8c/pydantic_core-2.20.1-cp313-cp313-macosx_10_12_x86_64.whl", hash = "sha256:0827505a5c87e8aa285dc31e9ec7f4a17c81a813d45f70b1d9164e03a813a686", size = 1838688 },
    { url = "https://files.pythonhosted.org/packages/75/02/d8ba2d4a266591a6a623c68b331b96523d4b62ab82a951794e3ed8907390/pydantic_core-2.20.1-cp313-cp313-macosx_11_0_arm64.whl", hash = "sha256:19c0fa39fa154e7e0b7f82f88ef85faa2a4c23cc65aae2f5aea625e3c13c735a", size = 1768409 },
    { url = "https://files.pythonhosted.org/packages/91/ae/25ecd9bc4ce4993e99a1a3c9ab111c082630c914260e129572fafed4ecc2/pydantic_core-2.20.1-cp313-cp313-manylinux_2_17_aarch64.manylinux2014_aarch64.whl", hash = "sha256:4aa223cd1e36b642092c326d694d8bf59b71ddddc94cdb752bbbb1c5c91d833b", size = 1789317 },
    { url = "https://files.pythonhosted.org/packages/7a/80/72057580681cdbe55699c367963d9c661b569a1d39338b4f6239faf36cdc/pydantic_core-2.20.1-cp313-cp313-manylinux_2_17_armv7l.manylinux2014_armv7l.whl", hash = "sha256:c336a6d235522a62fef872c6295a42ecb0c4e1d0f1a3e500fe949415761b8a19", size = 1771949 },
    { url = "https://files.pythonhosted.org/packages/a2/be/d9bbabc55b05019013180f141fcaf3b14dbe15ca7da550e95b60c321009a/pydantic_core-2.20.1-cp313-cp313-manylinux_2_17_ppc64le.manylinux2014_ppc64le.whl", hash = "sha256:7eb6a0587eded33aeefea9f916899d42b1799b7b14b8f8ff2753c0ac1741edac", size = 1974392 },
    { url = "https://files.pythonhosted.org/packages/79/2d/7bcd938c6afb0f40293283f5f09988b61fb0a4f1d180abe7c23a2f665f8e/pydantic_core-2.20.1-cp313-cp313-manylinux_2_17_s390x.manylinux2014_s390x.whl", hash = "sha256:70c8daf4faca8da5a6d655f9af86faf6ec2e1768f4b8b9d0226c02f3d6209703", size = 2625565 },
    { url = "https://files.pythonhosted.org/packages/ac/88/ca758e979457096008a4b16a064509028e3e092a1e85a5ed6c18ced8da88/pydantic_core-2.20.1-cp313-cp313-manylinux_2_17_x86_64.manylinux2014_x86_64.whl", hash = "sha256:e9fa4c9bf273ca41f940bceb86922a7667cd5bf90e95dbb157cbb8441008482c", size = 2098784 },
    { url = "https://files.pythonhosted.org/packages/eb/de/2fad6d63c3c42e472e985acb12ec45b7f56e42e6f4cd6dfbc5e87ee8678c/pydantic_core-2.20.1-cp313-cp313-manylinux_2_5_i686.manylinux1_i686.whl", hash = "sha256:11b71d67b4725e7e2a9f6e9c0ac1239bbc0c48cce3dc59f98635efc57d6dac83", size = 1900198 },
    { url = "https://files.pythonhosted.org/packages/fe/50/077c7f35b6488dc369a6d22993af3a37901e198630f38ac43391ca730f5b/pydantic_core-2.20.1-cp313-cp313-musllinux_1_1_aarch64.whl", hash = "sha256:270755f15174fb983890c49881e93f8f1b80f0b5e3a3cc1394a255706cabd203", size = 1968005 },
    { url = "https://files.pythonhosted.org/packages/5d/1f/f378631574ead46d636b9a04a80ff878b9365d4b361b1905ef1667d4182a/pydantic_core-2.20.1-cp313-cp313-musllinux_1_1_x86_64.whl", hash = "sha256:c81131869240e3e568916ef4c307f8b99583efaa60a8112ef27a366eefba8ef0", size = 2118920 },
    { url = "https://files.pythonhosted.org/packages/7a/ea/e4943f17df7a3031d709481fe4363d4624ae875a6409aec34c28c9e6cf59/pydantic_core-2.20.1-cp313-none-win32.whl", hash = "sha256:b91ced227c41aa29c672814f50dbb05ec93536abf8f43cd14ec9521ea09afe4e", size = 1717397 },
    { url = "https://files.pythonhosted.org/packages/13/63/b95781763e8d84207025071c0cec16d921c0163c7a9033ae4b9a0e020dc7/pydantic_core-2.20.1-cp313-none-win_amd64.whl", hash = "sha256:65db0f2eefcaad1a3950f498aabb4875c8890438bc80b19362cf633b87a8ab20", size = 1898013 },
]

[[package]]
name = "pygments"
version = "2.18.0"
source = { registry = "https://pypi.org/simple" }
sdist = { url = "https://files.pythonhosted.org/packages/8e/62/8336eff65bcbc8e4cb5d05b55faf041285951b6e80f33e2bff2024788f31/pygments-2.18.0.tar.gz", hash = "sha256:786ff802f32e91311bff3889f6e9a86e81505fe99f2735bb6d60ae0c5004f199", size = 4891905 }
wheels = [
    { url = "https://files.pythonhosted.org/packages/f7/3f/01c8b82017c199075f8f788d0d906b9ffbbc5a47dc9918a945e13d5a2bda/pygments-2.18.0-py3-none-any.whl", hash = "sha256:b8e6aca0523f3ab76fee51799c488e38782ac06eafcf95e7ba832985c8e7b13a", size = 1205513 },
]

[[package]]
name = "pytest"
version = "8.3.2"
source = { registry = "https://pypi.org/simple" }
dependencies = [
    { name = "colorama", marker = "sys_platform == 'win32'" },
    { name = "iniconfig" },
    { name = "packaging" },
    { name = "pluggy" },
]
sdist = { url = "https://files.pythonhosted.org/packages/b4/8c/9862305bdcd6020bc7b45b1b5e7397a6caf1a33d3025b9a003b39075ffb2/pytest-8.3.2.tar.gz", hash = "sha256:c132345d12ce551242c87269de812483f5bcc87cdbb4722e48487ba194f9fdce", size = 1439314 }
wheels = [
    { url = "https://files.pythonhosted.org/packages/0f/f9/cf155cf32ca7d6fa3601bc4c5dd19086af4b320b706919d48a4c79081cf9/pytest-8.3.2-py3-none-any.whl", hash = "sha256:4ba08f9ae7dcf84ded419494d229b48d0903ea6407b030eaec46df5e6a73bba5", size = 341802 },
]

[[package]]
name = "pytest-copier"
version = "0.4.1"
source = { registry = "https://pypi.org/simple" }
dependencies = [
    { name = "copier" },
    { name = "pytest" },
    { name = "pytest-dir-equal" },
    { name = "pytest-gitconfig" },
]
sdist = { url = "https://files.pythonhosted.org/packages/41/c6/2bb7d4e5eb3afa29fda074b4fd69a9577a2db2304b853fec9a7883940ae9/pytest_copier-0.4.1.tar.gz", hash = "sha256:db1bfc9fb9d48a30fe9569dca13cd068812b98dcb0066754e7515869ea60d8f8", size = 6095 }
wheels = [
    { url = "https://files.pythonhosted.org/packages/98/1d/6ceb45d28daf3265eeccc6f764198d547dd37c466412b6a32ccc14ff5b5a/pytest_copier-0.4.1-py3-none-any.whl", hash = "sha256:f92822aa7c49ff8e8f806ace28516f0915205ded7e2a7e4e867ad20d7c48420d", size = 6596 },
]

[[package]]
name = "pytest-dir-equal"
version = "0.2.1"
source = { registry = "https://pypi.org/simple" }
dependencies = [
    { name = "icdiff" },
    { name = "pytest" },
]
sdist = { url = "https://files.pythonhosted.org/packages/d9/ca/8b58c05754c065b577cd8d63b480029a813ab22ec5fdd5784f78b9ae8a0e/pytest_dir_equal-0.2.1.tar.gz", hash = "sha256:16654c385a3b0946e9a38a9d8c2ac3074dcaf914bdd07facff3f85f4f03761d5", size = 5685 }
wheels = [
    { url = "https://files.pythonhosted.org/packages/04/63/73a6a31a9f501af54994e2daa0579b7861087fb1b58dd3f9f1a4fe4c9663/pytest_dir_equal-0.2.1-py3-none-any.whl", hash = "sha256:b0d75305374357afd5dea7ee9348a6668f3037b8f0e58e298c54a885a1540cb2", size = 6122 },
]

[[package]]
name = "pytest-gitconfig"
version = "0.7.0"
source = { registry = "https://pypi.org/simple" }
dependencies = [
    { name = "pytest" },
]
sdist = { url = "https://files.pythonhosted.org/packages/8a/de/12698500b6f0b4aacfb590ea13e994939463dbe751d9c478a36dd801f6a7/pytest_gitconfig-0.7.0.tar.gz", hash = "sha256:7d8a49747c09da0416704e911d4eccecbae11a28f997cdeba77aab9ab4975b1f", size = 9007 }
wheels = [
    { url = "https://files.pythonhosted.org/packages/ea/0c/b4756aa29968b64d1d6c8edc4f22ce1225957717309d3b8a8231675bd796/pytest_gitconfig-0.7.0-py3-none-any.whl", hash = "sha256:7be768b98399817262aff65a1a695a4a441c889e6bd260643ea7beb46619c9d7", size = 6639 },
]

[[package]]
name = "python-copier-template"
version = "0.2.0"
source = { virtual = "." }
dependencies = [
    { name = "copier" },
]

[package.dev-dependencies]
dev = [
    { name = "pre-commit" },
    { name = "pytest" },
    { name = "pytest-copier" },
    { name = "ruff" },
]

[package.metadata]
requires-dist = [{ name = "copier", specifier = ">=9.3.1" }]

[package.metadata.requires-dev]
dev = [
    { name = "pre-commit", specifier = ">=3.7.1" },
    { name = "pytest", specifier = ">=8.2.2" },
    { name = "pytest-copier", specifier = ">=0.4.1" },
    { name = "ruff", specifier = ">=0.6.3" },
]

[[package]]
name = "pywin32"
version = "306"
source = { registry = "https://pypi.org/simple" }
wheels = [
    { url = "https://files.pythonhosted.org/packages/14/91/17e016d5923e178346aabda3dfec6629d1a26efe587d19667542105cf0a6/pywin32-306-cp312-cp312-win32.whl", hash = "sha256:383229d515657f4e3ed1343da8be101000562bf514591ff383ae940cad65458b", size = 8507705 },
    { url = "https://files.pythonhosted.org/packages/83/1c/25b79fc3ec99b19b0a0730cc47356f7e2959863bf9f3cd314332bddb4f68/pywin32-306-cp312-cp312-win_amd64.whl", hash = "sha256:37257794c1ad39ee9be652da0462dc2e394c8159dfd913a8a4e8eb6fd346da0e", size = 9227429 },
    { url = "https://files.pythonhosted.org/packages/1c/43/e3444dc9a12f8365d9603c2145d16bf0a2f8180f343cf87be47f5579e547/pywin32-306-cp312-cp312-win_arm64.whl", hash = "sha256:5821ec52f6d321aa59e2db7e0a35b997de60c201943557d108af9d4ae1ec7040", size = 10388145 },
]

[[package]]
name = "pyyaml"
version = "6.0.2"
source = { registry = "https://pypi.org/simple" }
sdist = { url = "https://files.pythonhosted.org/packages/54/ed/79a089b6be93607fa5cdaedf301d7dfb23af5f25c398d5ead2525b063e17/pyyaml-6.0.2.tar.gz", hash = "sha256:d584d9ec91ad65861cc08d42e834324ef890a082e591037abe114850ff7bbc3e", size = 130631 }
wheels = [
    { url = "https://files.pythonhosted.org/packages/86/0c/c581167fc46d6d6d7ddcfb8c843a4de25bdd27e4466938109ca68492292c/PyYAML-6.0.2-cp312-cp312-macosx_10_9_x86_64.whl", hash = "sha256:c70c95198c015b85feafc136515252a261a84561b7b1d51e3384e0655ddf25ab", size = 183873 },
    { url = "https://files.pythonhosted.org/packages/a8/0c/38374f5bb272c051e2a69281d71cba6fdb983413e6758b84482905e29a5d/PyYAML-6.0.2-cp312-cp312-macosx_11_0_arm64.whl", hash = "sha256:ce826d6ef20b1bc864f0a68340c8b3287705cae2f8b4b1d932177dcc76721725", size = 173302 },
    { url = "https://files.pythonhosted.org/packages/c3/93/9916574aa8c00aa06bbac729972eb1071d002b8e158bd0e83a3b9a20a1f7/PyYAML-6.0.2-cp312-cp312-manylinux_2_17_aarch64.manylinux2014_aarch64.whl", hash = "sha256:1f71ea527786de97d1a0cc0eacd1defc0985dcf6b3f17bb77dcfc8c34bec4dc5", size = 739154 },
    { url = "https://files.pythonhosted.org/packages/95/0f/b8938f1cbd09739c6da569d172531567dbcc9789e0029aa070856f123984/PyYAML-6.0.2-cp312-cp312-manylinux_2_17_s390x.manylinux2014_s390x.whl", hash = "sha256:9b22676e8097e9e22e36d6b7bda33190d0d400f345f23d4065d48f4ca7ae0425", size = 766223 },
    { url = "https://files.pythonhosted.org/packages/b9/2b/614b4752f2e127db5cc206abc23a8c19678e92b23c3db30fc86ab731d3bd/PyYAML-6.0.2-cp312-cp312-manylinux_2_17_x86_64.manylinux2014_x86_64.whl", hash = "sha256:80bab7bfc629882493af4aa31a4cfa43a4c57c83813253626916b8c7ada83476", size = 767542 },
    { url = "https://files.pythonhosted.org/packages/d4/00/dd137d5bcc7efea1836d6264f049359861cf548469d18da90cd8216cf05f/PyYAML-6.0.2-cp312-cp312-musllinux_1_1_aarch64.whl", hash = "sha256:0833f8694549e586547b576dcfaba4a6b55b9e96098b36cdc7ebefe667dfed48", size = 731164 },
    { url = "https://files.pythonhosted.org/packages/c9/1f/4f998c900485e5c0ef43838363ba4a9723ac0ad73a9dc42068b12aaba4e4/PyYAML-6.0.2-cp312-cp312-musllinux_1_1_x86_64.whl", hash = "sha256:8b9c7197f7cb2738065c481a0461e50ad02f18c78cd75775628afb4d7137fb3b", size = 756611 },
    { url = "https://files.pythonhosted.org/packages/df/d1/f5a275fdb252768b7a11ec63585bc38d0e87c9e05668a139fea92b80634c/PyYAML-6.0.2-cp312-cp312-win32.whl", hash = "sha256:ef6107725bd54b262d6dedcc2af448a266975032bc85ef0172c5f059da6325b4", size = 140591 },
    { url = "https://files.pythonhosted.org/packages/0c/e8/4f648c598b17c3d06e8753d7d13d57542b30d56e6c2dedf9c331ae56312e/PyYAML-6.0.2-cp312-cp312-win_amd64.whl", hash = "sha256:7e7401d0de89a9a855c839bc697c079a4af81cf878373abd7dc625847d25cbd8", size = 156338 },
    { url = "https://files.pythonhosted.org/packages/ef/e3/3af305b830494fa85d95f6d95ef7fa73f2ee1cc8ef5b495c7c3269fb835f/PyYAML-6.0.2-cp313-cp313-macosx_10_13_x86_64.whl", hash = "sha256:efdca5630322a10774e8e98e1af481aad470dd62c3170801852d752aa7a783ba", size = 181309 },
    { url = "https://files.pythonhosted.org/packages/45/9f/3b1c20a0b7a3200524eb0076cc027a970d320bd3a6592873c85c92a08731/PyYAML-6.0.2-cp313-cp313-macosx_11_0_arm64.whl", hash = "sha256:50187695423ffe49e2deacb8cd10510bc361faac997de9efef88badc3bb9e2d1", size = 171679 },
    { url = "https://files.pythonhosted.org/packages/7c/9a/337322f27005c33bcb656c655fa78325b730324c78620e8328ae28b64d0c/PyYAML-6.0.2-cp313-cp313-manylinux_2_17_aarch64.manylinux2014_aarch64.whl", hash = "sha256:0ffe8360bab4910ef1b9e87fb812d8bc0a308b0d0eef8c8f44e0254ab3b07133", size = 733428 },
    { url = "https://files.pythonhosted.org/packages/a3/69/864fbe19e6c18ea3cc196cbe5d392175b4cf3d5d0ac1403ec3f2d237ebb5/PyYAML-6.0.2-cp313-cp313-manylinux_2_17_s390x.manylinux2014_s390x.whl", hash = "sha256:17e311b6c678207928d649faa7cb0d7b4c26a0ba73d41e99c4fff6b6c3276484", size = 763361 },
    { url = "https://files.pythonhosted.org/packages/04/24/b7721e4845c2f162d26f50521b825fb061bc0a5afcf9a386840f23ea19fa/PyYAML-6.0.2-cp313-cp313-manylinux_2_17_x86_64.manylinux2014_x86_64.whl", hash = "sha256:70b189594dbe54f75ab3a1acec5f1e3faa7e8cf2f1e08d9b561cb41b845f69d5", size = 759523 },
    { url = "https://files.pythonhosted.org/packages/2b/b2/e3234f59ba06559c6ff63c4e10baea10e5e7df868092bf9ab40e5b9c56b6/PyYAML-6.0.2-cp313-cp313-musllinux_1_1_aarch64.whl", hash = "sha256:41e4e3953a79407c794916fa277a82531dd93aad34e29c2a514c2c0c5fe971cc", size = 726660 },
    { url = "https://files.pythonhosted.org/packages/fe/0f/25911a9f080464c59fab9027482f822b86bf0608957a5fcc6eaac85aa515/PyYAML-6.0.2-cp313-cp313-musllinux_1_1_x86_64.whl", hash = "sha256:68ccc6023a3400877818152ad9a1033e3db8625d899c72eacb5a668902e4d652", size = 751597 },
    { url = "https://files.pythonhosted.org/packages/14/0d/e2c3b43bbce3cf6bd97c840b46088a3031085179e596d4929729d8d68270/PyYAML-6.0.2-cp313-cp313-win32.whl", hash = "sha256:bc2fa7c6b47d6bc618dd7fb02ef6fdedb1090ec036abab80d4681424b84c1183", size = 140527 },
    { url = "https://files.pythonhosted.org/packages/fa/de/02b54f42487e3d3c6efb3f89428677074ca7bf43aae402517bc7cca949f3/PyYAML-6.0.2-cp313-cp313-win_amd64.whl", hash = "sha256:8388ee1976c416731879ac16da0aff3f63b286ffdd57cdeb95f3f2e085687563", size = 156446 },
]

[[package]]
name = "questionary"
version = "2.0.1"
source = { registry = "https://pypi.org/simple" }
dependencies = [
    { name = "prompt-toolkit" },
]
sdist = { url = "https://files.pythonhosted.org/packages/84/d0/d73525aeba800df7030ac187d09c59dc40df1c878b4fab8669bdc805535d/questionary-2.0.1.tar.gz", hash = "sha256:bcce898bf3dbb446ff62830c86c5c6fb9a22a54146f0f5597d3da43b10d8fc8b", size = 24726 }
wheels = [
    { url = "https://files.pythonhosted.org/packages/0b/e7/2dd8f59d1d328773505f78b85405ddb1cfe74126425d076ce72e65540b8b/questionary-2.0.1-py3-none-any.whl", hash = "sha256:8ab9a01d0b91b68444dff7f6652c1e754105533f083cbe27597c8110ecc230a2", size = 34248 },
]

[[package]]
name = "ruff"
version = "0.6.3"
source = { registry = "https://pypi.org/simple" }
sdist = { url = "https://files.pythonhosted.org/packages/5d/f9/0b32e5d1c6f957df49398cd882a011e9488fcbca0d6acfeeea50ccd37a4d/ruff-0.6.3.tar.gz", hash = "sha256:183b99e9edd1ef63be34a3b51fee0a9f4ab95add123dbf89a71f7b1f0c991983", size = 2463514 }
wheels = [
    { url = "https://files.pythonhosted.org/packages/72/68/1da6a1e39a03a229ea57c511691d6225072759cc7764206c3f0989521194/ruff-0.6.3-py3-none-linux_armv6l.whl", hash = "sha256:97f58fda4e309382ad30ede7f30e2791d70dd29ea17f41970119f55bdb7a45c3", size = 9696928 },
    { url = "https://files.pythonhosted.org/packages/6e/59/3b8b1d3a4271c6eb6ceecd3cef19a6d881639a0f18ad651563d6f619aaae/ruff-0.6.3-py3-none-macosx_10_12_x86_64.whl", hash = "sha256:3b061e49b5cf3a297b4d1c27ac5587954ccb4ff601160d3d6b2f70b1622194dc", size = 9448462 },
    { url = "https://files.pythonhosted.org/packages/35/4f/b942ecb8bbebe53aa9b33e9b96df88acd50b70adaaed3070f1d92131a1cb/ruff-0.6.3-py3-none-macosx_11_0_arm64.whl", hash = "sha256:34e2824a13bb8c668c71c1760a6ac7d795ccbd8d38ff4a0d8471fdb15de910b1", size = 9176190 },
    { url = "https://files.pythonhosted.org/packages/a0/20/b0bcb29d4ee437f3567b73b6905c034e2e94d29b9b826c66daecc1cf6388/ruff-0.6.3-py3-none-manylinux_2_17_aarch64.manylinux2014_aarch64.whl", hash = "sha256:bddfbb8d63c460f4b4128b6a506e7052bad4d6f3ff607ebbb41b0aa19c2770d1", size = 10108892 },
    { url = "https://files.pythonhosted.org/packages/9c/e3/211bc759f424e8823a9937e0f678695ca02113c621dfde1fa756f9f26f6d/ruff-0.6.3-py3-none-manylinux_2_17_armv7l.manylinux2014_armv7l.whl", hash = "sha256:ced3eeb44df75353e08ab3b6a9e113b5f3f996bea48d4f7c027bc528ba87b672", size = 9476471 },
    { url = "https://files.pythonhosted.org/packages/b2/a3/2ec35a2d7a554364864206f0e46812b92a074ad8a014b923d821ead532aa/ruff-0.6.3-py3-none-manylinux_2_17_i686.manylinux2014_i686.whl", hash = "sha256:47021dff5445d549be954eb275156dfd7c37222acc1e8014311badcb9b4ec8c1", size = 10294802 },
    { url = "https://files.pythonhosted.org/packages/03/8b/56ef687b3489c88886dea48c78fb4969b6b65f18007d0ac450070edd1f58/ruff-0.6.3-py3-none-manylinux_2_17_ppc64.manylinux2014_ppc64.whl", hash = "sha256:7d7bd20dc07cebd68cc8bc7b3f5ada6d637f42d947c85264f94b0d1cd9d87384", size = 11022372 },
    { url = "https://files.pythonhosted.org/packages/a5/21/327d147feb442adb88975e81e2263102789eba9ad2afa102c661912a482f/ruff-0.6.3-py3-none-manylinux_2_17_ppc64le.manylinux2014_ppc64le.whl", hash = "sha256:500f166d03fc6d0e61c8e40a3ff853fa8a43d938f5d14c183c612df1b0d6c58a", size = 10596596 },
    { url = "https://files.pythonhosted.org/packages/6c/86/ff386de63729da3e08c8099c57f577a00ec9f3eea711b23ac07cf3588dc5/ruff-0.6.3-py3-none-manylinux_2_17_s390x.manylinux2014_s390x.whl", hash = "sha256:42844ff678f9b976366b262fa2d1d1a3fe76f6e145bd92c84e27d172e3c34500", size = 11572830 },
    { url = "https://files.pythonhosted.org/packages/38/5d/b33284c108e3f315ddd09b70296fd76bd28ecf8965a520bc93f3bbd8ac40/ruff-0.6.3-py3-none-manylinux_2_17_x86_64.manylinux2014_x86_64.whl", hash = "sha256:70452a10eb2d66549de8e75f89ae82462159855e983ddff91bc0bce6511d0470", size = 10262577 },
    { url = "https://files.pythonhosted.org/packages/29/99/9cdfad0d7f460e66567236eddc691473791afd9aff93a0dfcdef0462a6c7/ruff-0.6.3-py3-none-musllinux_1_2_aarch64.whl", hash = "sha256:65a533235ed55f767d1fc62193a21cbf9e3329cf26d427b800fdeacfb77d296f", size = 10098751 },
    { url = "https://files.pythonhosted.org/packages/a8/9f/f801a1619f5549e552f1f722f1db57eb39e7e1d83d482133142781d450de/ruff-0.6.3-py3-none-musllinux_1_2_armv7l.whl", hash = "sha256:d2e2c23cef30dc3cbe9cc5d04f2899e7f5e478c40d2e0a633513ad081f7361b5", size = 9563859 },
    { url = "https://files.pythonhosted.org/packages/0b/4d/fb2424faf04ffdb960ae2b3a1d991c5183dd981003de727d2d5cc38abc98/ruff-0.6.3-py3-none-musllinux_1_2_i686.whl", hash = "sha256:d8a136aa7d228975a6aee3dd8bea9b28e2b43e9444aa678fb62aeb1956ff2351", size = 9914291 },
    { url = "https://files.pythonhosted.org/packages/2e/dd/94fddf002a8f6152e8ebfbb51d3f93febc415c1fe694345623c31ce8b33b/ruff-0.6.3-py3-none-musllinux_1_2_x86_64.whl", hash = "sha256:f92fe93bc72e262b7b3f2bba9879897e2d58a989b4714ba6a5a7273e842ad2f8", size = 10331549 },
    { url = "https://files.pythonhosted.org/packages/b4/73/ca9c2f9237a430ca423b6dca83b77e9a428afeb7aec80596e86c369123fe/ruff-0.6.3-py3-none-win32.whl", hash = "sha256:7a62d3b5b0d7f9143d94893f8ba43aa5a5c51a0ffc4a401aa97a81ed76930521", size = 7962163 },
    { url = "https://files.pythonhosted.org/packages/55/ce/061c605b1dfb52748d59bc0c7a8507546c178801156415773d18febfd71d/ruff-0.6.3-py3-none-win_amd64.whl", hash = "sha256:746af39356fee2b89aada06c7376e1aa274a23493d7016059c3a72e3b296befb", size = 8800901 },
    { url = "https://files.pythonhosted.org/packages/63/28/ae4ffe7d3b6134ca6d31ebef07447ef70097c4a9e8fbbc519b374c5c1559/ruff-0.6.3-py3-none-win_arm64.whl", hash = "sha256:14a9528a8b70ccc7a847637c29e56fd1f9183a9db743bbc5b8e0c4ad60592a82", size = 8229171 },
]

[[package]]
name = "typing-extensions"
version = "4.12.2"
source = { registry = "https://pypi.org/simple" }
sdist = { url = "https://files.pythonhosted.org/packages/df/db/f35a00659bc03fec321ba8bce9420de607a1d37f8342eee1863174c69557/typing_extensions-4.12.2.tar.gz", hash = "sha256:1a7ead55c7e559dd4dee8856e3a88b41225abfe1ce8df57b7c13915fe121ffb8", size = 85321 }
wheels = [
    { url = "https://files.pythonhosted.org/packages/26/9f/ad63fc0248c5379346306f8668cda6e2e2e9c95e01216d2b8ffd9ff037d0/typing_extensions-4.12.2-py3-none-any.whl", hash = "sha256:04e5ca0351e0f3f85c6853954072df659d0d13fac324d0072316b67d7794700d", size = 37438 },
]

[[package]]
name = "virtualenv"
version = "20.26.3"
source = { registry = "https://pypi.org/simple" }
dependencies = [
    { name = "distlib" },
    { name = "filelock" },
    { name = "platformdirs" },
]
sdist = { url = "https://files.pythonhosted.org/packages/68/60/db9f95e6ad456f1872486769c55628c7901fb4de5a72c2f7bdd912abf0c1/virtualenv-20.26.3.tar.gz", hash = "sha256:4c43a2a236279d9ea36a0d76f98d84bd6ca94ac4e0f4a3b9d46d05e10fea542a", size = 9057588 }
wheels = [
    { url = "https://files.pythonhosted.org/packages/07/4d/410156100224c5e2f0011d435e477b57aed9576fc7fe137abcf14ec16e11/virtualenv-20.26.3-py3-none-any.whl", hash = "sha256:8cc4a31139e796e9a7de2cd5cf2489de1217193116a8fd42328f1bd65f434589", size = 5684792 },
]

[[package]]
name = "wcwidth"
version = "0.2.13"
source = { registry = "https://pypi.org/simple" }
sdist = { url = "https://files.pythonhosted.org/packages/6c/63/53559446a878410fc5a5974feb13d31d78d752eb18aeba59c7fef1af7598/wcwidth-0.2.13.tar.gz", hash = "sha256:72ea0c06399eb286d978fdedb6923a9eb47e1c486ce63e9b4e64fc18303972b5", size = 101301 }
wheels = [
    { url = "https://files.pythonhosted.org/packages/fd/84/fd2ba7aafacbad3c4201d395674fc6348826569da3c0937e75505ead3528/wcwidth-0.2.13-py2.py3-none-any.whl", hash = "sha256:3da69048e4540d84af32131829ff948f1e022c1c6bdb8d6102117aac784f6859", size = 34166 },
]
