# generated by rye
# use `rye lock` or `rye sync` to update this lockfile
#
# last locked with the following flags:
#   pre: false
#   features: []
#   all-features: false
#   with-sources: false
#   generate-hashes: false

annotated-types==0.7.0
    # via pydantic
cfgv==3.4.0
    # via pre-commit
colorama==0.4.6
    # via copier
copier==9.2.0
    # via pytest-copier
distlib==0.3.8
    # via virtualenv
dunamai==1.21.1
    # via copier
filelock==3.15.4
    # via virtualenv
funcy==2.0
    # via copier
icdiff==2.0.7
    # via pytest-dir-equal
identify==2.5.36
    # via pre-commit
iniconfig==2.0.0
    # via pytest
jinja2==3.1.4
    # via copier
    # via jinja2-ansible-filters
jinja2-ansible-filters==1.3.2
    # via copier
markupsafe==2.1.5
    # via jinja2
nodeenv==1.9.1
    # via pre-commit
packaging==24.1
    # via copier
    # via dunamai
    # via pytest
pathspec==0.12.1
    # via copier
platformdirs==4.2.2
    # via virtualenv
pluggy==1.5.0
    # via pytest
plumbum==1.8.3
    # via copier
pre-commit==3.7.1
prompt-toolkit==3.0.36
    # via questionary
pydantic==2.7.4
    # via copier
pydantic-core==2.18.4
    # via pydantic
pygments==2.18.0
    # via copier
pytest==8.2.2
    # via pytest-copier
    # via pytest-dir-equal
    # via pytest-gitconfig
pytest-copier==0.4.1
pytest-dir-equal==0.2.1
    # via pytest-copier
pytest-gitconfig==0.6.0
    # via pytest-copier
pyyaml==6.0.1
    # via copier
    # via jinja2-ansible-filters
    # via pre-commit
questionary==2.0.1
    # via copier
ruff==0.4.10
typing-extensions==4.12.2
    # via pydantic
    # via pydantic-core
virtualenv==20.26.3
    # via pre-commit
wcwidth==0.2.13
    # via prompt-toolkit
